
Microsoft Visual Studio Solution File, Format Version 12.00
# Visual Studio Express 2012 for Windows Desktop
Project("{FAE04EC0-301F-11D3-BF4B-00C04F79EFBC}") = "ComputerTerminal", "ComputerTerminal\ComputerTerminal.csproj", "{ACA285D8-E865-4ECF-BF98-FE32A4EA6546}"
EndProject
Global
	GlobalSection(SolutionConfigurationPlatforms) = preSolution
		Debug|Any CPU = Debug|Any CPU
		Release|Any CPU = Release|Any CPU
	EndGlobalSection
	GlobalSection(ProjectConfigurationPlatforms) = postSolution
		{ACA285D8-E865-4ECF-BF98-FE32A4EA6546}.Debug|Any CPU.ActiveCfg = Debug|Any CPU
		{ACA285D8-E865-4ECF-BF98-FE32A4EA6546}.Debug|Any CPU.Build.0 = Debug|Any CPU
		{ACA285D8-E865-4ECF-BF98-FE32A4EA6546}.Release|Any CPU.ActiveCfg = Release|Any CPU
		{ACA285D8-E865-4ECF-BF98-FE32A4EA6546}.Release|Any CPU.Build.0 = Release|Any CPU
	EndGlobalSection
	GlobalSection(SolutionProperties) = preSolution
		HideSolutionNode = FALSE
	EndGlobalSection
EndGlobal
